
Microsoft Visual Studio Solution File, Format Version 12.00
# Visual Studio Version 17
VisualStudioVersion = 17.8.34525.116
MinimumVisualStudioVersion = 10.0.40219.1
Project("{FAE04EC0-301F-11D3-BF4B-00C04F79EFBC}") = "MauiDemoApp", "MauiDemoApp.csproj", "{771747A2-2F7E-4879-8C1E-21591F0343F6}"
EndProject
Global
	GlobalSection(SolutionConfigurationPlatforms) = preSolution
		Debug|Any CPU = Debug|Any CPU
		Release|Any CPU = Release|Any CPU
	EndGlobalSection
	GlobalSection(ProjectConfigurationPlatforms) = postSolution
		{771747A2-2F7E-4879-8C1E-21591F0343F6}.Debug|Any CPU.ActiveCfg = Debug|Any CPU
		{771747A2-2F7E-4879-8C1E-21591F0343F6}.Debug|Any CPU.Build.0 = Debug|Any CPU
		{771747A2-2F7E-4879-8C1E-21591F0343F6}.Debug|Any CPU.Deploy.0 = Debug|Any CPU
		{771747A2-2F7E-4879-8C1E-21591F0343F6}.Release|Any CPU.ActiveCfg = Release|Any CPU
		{771747A2-2F7E-4879-8C1E-21591F0343F6}.Release|Any CPU.Build.0 = Release|Any CPU
		{771747A2-2F7E-4879-8C1E-21591F0343F6}.Release|Any CPU.Deploy.0 = Release|Any CPU
	EndGlobalSection
	GlobalSection(SolutionProperties) = preSolution
		HideSolutionNode = FALSE
	EndGlobalSection
	GlobalSection(ExtensibilityGlobals) = postSolution
		SolutionGuid = {DFC4130F-2DA9-4F98-9D0A-2E29D90899C9}
	EndGlobalSection
EndGlobal
